<?xml version="1.0" encoding="utf-8"?>
<Project ToolsVersion="18.0" xmlns="http://schemas.microsoft.com/developer/msbuild/2003">
  <ItemGroup>
    <ClCompile Include="C:\Programmation\tb-1\src\tbverp.c">
      <Filter>Source Files</Filter>
    </ClCompile>
    <ClCompile Include="C:\Programmation\tb-1\src\decompress.c">
      <Filter>Source Files</Filter>
    </ClCompile>
    <ClCompile Include="C:\Programmation\tb-1\src\threads.c">
      <Filter>Source Files</Filter>
    </ClCompile>
    <ClCompile Include="C:\Programmation\tb-1\src\checksum.c">
      <Filter>Source Files</Filter>
    </ClCompile>
    <ClCompile Include="C:\Programmation\tb-1\src\city-c.c">
      <Filter>Source Files</Filter>
    </ClCompile>
    <ClCompile Include="C:\Programmation\tb-1\src\util.c">
      <Filter>Source Files</Filter>
    </ClCompile>
  </ItemGroup>
  <ItemGroup>
    <CustomBuild Include="C:\Programmation\tb-1\CMakeLists.txt" />
  </ItemGroup>
  <ItemGroup>
    <Filter Include="Source Files">
      <UniqueIdentifier>{DDA545C6-F66F-3A9A-9573-8C98048F6304}</UniqueIdentifier>
    </Filter>
  </ItemGroup>
</Project>
