<?xml version="1.0" encoding="utf-8"?>
<Project ToolsVersion="18.0" xmlns="http://schemas.microsoft.com/developer/msbuild/2003">
  <ItemGroup>
    <CustomBuild Include="C:\Programmation\tb-1\build8test\CMakeFiles\e8cb9e7903e65ade202ddc59de9510cc\generate.stamp.rule">
      <Filter>CMake Rules</Filter>
    </CustomBuild>
  </ItemGroup>
  <ItemGroup>
    <Filter Include="CMake Rules">
      <UniqueIdentifier>{B768C44C-39BC-365B-82D9-E4FD68DB42E6}</UniqueIdentifier>
    </Filter>
  </ItemGroup>
</Project>
